
Microsoft Visual Studio Solution File, Format Version 12.00
# Visual Studio Version 16
VisualStudioVersion = 16.0.30011.22
MinimumVisualStudioVersion = 10.0.40219.1
Project("{FAE04EC0-301F-11D3-BF4B-00C04F79EFBC}") = "Lab06 - 1", "Lab06 - 1.csproj", "{2BE044D9-0DFD-4BA4-B694-F9D2A54D9891}"
EndProject
Global
	GlobalSection(SolutionConfigurationPlatforms) = preSolution
		Debug|Any CPU = Debug|Any CPU
		Release|Any CPU = Release|Any CPU
	EndGlobalSection
	GlobalSection(ProjectConfigurationPlatforms) = postSolution
		{2BE044D9-0DFD-4BA4-B694-F9D2A54D9891}.Debug|Any CPU.ActiveCfg = Debug|Any CPU
		{2BE044D9-0DFD-4BA4-B694-F9D2A54D9891}.Debug|Any CPU.Build.0 = Debug|Any CPU
		{2BE044D9-0DFD-4BA4-B694-F9D2A54D9891}.Release|Any CPU.ActiveCfg = Release|Any CPU
		{2BE044D9-0DFD-4BA4-B694-F9D2A54D9891}.Release|Any CPU.Build.0 = Release|Any CPU
	EndGlobalSection
	GlobalSection(SolutionProperties) = preSolution
		HideSolutionNode = FALSE
	EndGlobalSection
	GlobalSection(ExtensibilityGlobals) = postSolution
		SolutionGuid = {04C22C47-BEA7-4417-B894-C19FE6632163}
	EndGlobalSection
EndGlobal
